// !$*UTF8*$!
{
	archiveVersion = 1;
	classes = {
	};
	objectVersion = 56;
	objects = {

/* Begin PBXBuildFile section */
		4FCF076A2AD88F93008236F7 /* AppDelegate.swift in Sources */ = {isa = PBXBuildFile; fileRef = 4FCF07692AD88F93008236F7 /* AppDelegate.swift */; };
		4FCF076C2AD88F93008236F7 /* SceneDelegate.swift in Sources */ = {isa = PBXBuildFile; fileRef = 4FCF076B2AD88F93008236F7 /* SceneDelegate.swift */; };
		4FCF076E2AD88F93008236F7 /* ViewController.swift in Sources */ = {isa = PBXBuildFile; fileRef = 4FCF076D2AD88F93008236F7 /* ViewController.swift */; };
		4FCF07712AD88F93008236F7 /* Main.storyboard in Resources */ = {isa = PBXBuildFile; fileRef = 4FCF076F2AD88F93008236F7 /* Main.storyboard */; };
		4FCF07732AD88F94008236F7 /* Assets.xcassets in Resources */ = {isa = PBXBuildFile; fileRef = 4FCF07722AD88F94008236F7 /* Assets.xcassets */; };
		4FCF07762AD88F94008236F7 /* LaunchScreen.storyboard in Resources */ = {isa = PBXBuildFile; fileRef = 4FCF07742AD88F94008236F7 /* LaunchScreen.storyboard */; };
		4FCF07812AD88F95008236F7 /* PocketBalanceTests.swift in Sources */ = {isa = PBXBuildFile; fileRef = 4FCF07802AD88F95008236F7 /* PocketBalanceTests.swift */; };
		4FCF078B2AD88F95008236F7 /* PocketBalanceUITests.swift in Sources */ = {isa = PBXBuildFile; fileRef = 4FCF078A2AD88F95008236F7 /* PocketBalanceUITests.swift */; };
		4FCF078D2AD88F95008236F7 /* PocketBalanceUITestsLaunchTests.swift in Sources */ = {isa = PBXBuildFile; fileRef = 4FCF078C2AD88F95008236F7 /* PocketBalanceUITestsLaunchTests.swift */; };
/* End PBXBuildFile section */

/* Begin PBXContainerItemProxy section */
		4FCF077D2AD88F95008236F7 /* PBXContainerItemProxy */ = {
			isa = PBXContainerItemProxy;
			containerPortal = 4FCF075E2AD88F93008236F7 /* Project object */;
			proxyType = 1;
			remoteGlobalIDString = 4FCF07652AD88F93008236F7;
			remoteInfo = PocketBalance;
		};
		4FCF07872AD88F95008236F7 /* PBXContainerItemProxy */ = {
			isa = PBXContainerItemProxy;
			containerPortal = 4FCF075E2AD88F93008236F7 /* Project object */;
			proxyType = 1;
			remoteGlobalIDString = 4FCF07652AD88F93008236F7;
			remoteInfo = PocketBalance;
		};
/* End PBXContainerItemProxy section */

/* Begin PBXFileReference section */
		4FCF07662AD88F93008236F7 /* PocketBalance.app */ = {isa = PBXFileReference; explicitFileType = wrapper.application; includeInIndex = 0; path = PocketBalance.app; sourceTree = BUILT_PRODUCTS_DIR; };
		4FCF07692AD88F93008236F7 /* AppDelegate.swift */ = {isa = PBXFileReference; lastKnownFileType = sourcecode.swift; path = AppDelegate.swift; sourceTree = "<group>"; };
		4FCF076B2AD88F93008236F7 /* SceneDelegate.swift */ = {isa = PBXFileReference; lastKnownFileType = sourcecode.swift; path = SceneDelegate.swift; sourceTree = "<group>"; };
		4FCF076D2AD88F93008236F7 /* ViewController.swift */ = {isa = PBXFileReference; lastKnownFileType = sourcecode.swift; path = ViewController.swift; sourceTree = "<group>"; };
		4FCF07702AD88F93008236F7 /* Base */ = {isa = PBXFileReference; lastKnownFileType = file.storyboard; name = Base; path = Base.lproj/Main.storyboard; sourceTree = "<group>"; };
		4FCF07722AD88F94008236F7 /* Assets.xcassets */ = {isa = PBXFileReference; lastKnownFileType = folder.assetcatalog; path = Assets.xcassets; sourceTree = "<group>"; };
		4FCF07752AD88F94008236F7 /* Base */ = {isa = PBXFileReference; lastKnownFileType = file.storyboard; name = Base; path = Base.lproj/LaunchScreen.storyboard; sourceTree = "<group>"; };
		4FCF07772AD88F94008236F7 /* Info.plist */ = {isa = PBXFileReference; lastKnownFileType = text.plist.xml; path = Info.plist; sourceTree = "<group>"; };
		4FCF077C2AD88F95008236F7 /* PocketBalanceTests.xctest */ = {isa = PBXFileReference; explicitFileType = wrapper.cfbundle; includeInIndex = 0; path = PocketBalanceTests.xctest; sourceTree = BUILT_PRODUCTS_DIR; };
		4FCF07802AD88F95008236F7 /* PocketBalanceTests.swift */ = {isa = PBXFileReference; lastKnownFileType = sourcecode.swift; path = PocketBalanceTests.swift; sourceTree = "<group>"; };
		4FCF07862AD88F95008236F7 /* PocketBalanceUITests.xctest */ = {isa = PBXFileReference; explicitFileType = wrapper.cfbundle; includeInIndex = 0; path = PocketBalanceUITests.xctest; sourceTree = BUILT_PRODUCTS_DIR; };
		4FCF078A2AD88F95008236F7 /* PocketBalanceUITests.swift */ = {isa = PBXFileReference; lastKnownFileType = sourcecode.swift; path = PocketBalanceUITests.swift; sourceTree = "<group>"; };
		4FCF078C2AD88F95008236F7 /* PocketBalanceUITestsLaunchTests.swift */ = {isa = PBXFileReference; lastKnownFileType = sourcecode.swift; path = PocketBalanceUITestsLaunchTests.swift; sourceTree = "<group>"; };
/* End PBXFileReference section */

/* Begin PBXFrameworksBuildPhase section */
		4FCF07632AD88F93008236F7 /* Frameworks */ = {
			isa = PBXFrameworksBuildPhase;
			buildActionMask = 2147483647;
			files = (
			);
			runOnlyForDeploymentPostprocessing = 0;
		};
		4FCF07792AD88F95008236F7 /* Frameworks */ = {
			isa = PBXFrameworksBuildPhase;
			buildActionMask = 2147483647;
			files = (
			);
			runOnlyForDeploymentPostprocessing = 0;
		};
		4FCF07832AD88F95008236F7 /* Frameworks */ = {
			isa = PBXFrameworksBuildPhase;
			buildActionMask = 2147483647;
			files = (
			);
			runOnlyForDeploymentPostprocessing = 0;
		};
/* End PBXFrameworksBuildPhase section */

/* Begin PBXGroup section */
		4FCF075D2AD88F93008236F7 = {
			isa = PBXGroup;
			children = (
				4FCF07682AD88F93008236F7 /* PocketBalance */,
				4FCF077F2AD88F95008236F7 /* PocketBalanceTests */,
				4FCF07892AD88F95008236F7 /* PocketBalanceUITests */,
				4FCF07672AD88F93008236F7 /* Products */,
			);
			sourceTree = "<group>";
		};
		4FCF07672AD88F93008236F7 /* Products */ = {
			isa = PBXGroup;
			children = (
				4FCF07662AD88F93008236F7 /* PocketBalance.app */,
				4FCF077C2AD88F95008236F7 /* PocketBalanceTests.xctest */,
				4FCF07862AD88F95008236F7 /* PocketBalanceUITests.xctest */,
			);
			name = Products;
			sourceTree = "<group>";
		};
		4FCF07682AD88F93008236F7 /* PocketBalance */ = {
			isa = PBXGroup;
			children = (
				4FCF07692AD88F93008236F7 /* AppDelegate.swift */,
				4FCF076B2AD88F93008236F7 /* SceneDelegate.swift */,
				4FCF076D2AD88F93008236F7 /* ViewController.swift */,
				4FCF076F2AD88F93008236F7 /* Main.storyboard */,
				4FCF07722AD88F94008236F7 /* Assets.xcassets */,
				4FCF07742AD88F94008236F7 /* LaunchScreen.storyboard */,
				4FCF07772AD88F94008236F7 /* Info.plist */,
			);
			path = PocketBalance;
			sourceTree = "<group>";
		};
		4FCF077F2AD88F95008236F7 /* PocketBalanceTests */ = {
			isa = PBXGroup;
			children = (
				4FCF07802AD88F95008236F7 /* PocketBalanceTests.swift */,
			);
			path = PocketBalanceTests;
			sourceTree = "<group>";
		};
		4FCF07892AD88F95008236F7 /* PocketBalanceUITests */ = {
			isa = PBXGroup;
			children = (
				4FCF078A2AD88F95008236F7 /* PocketBalanceUITests.swift */,
				4FCF078C2AD88F95008236F7 /* PocketBalanceUITestsLaunchTests.swift */,
			);
			path = PocketBalanceUITests;
			sourceTree = "<group>";
		};
/* End PBXGroup section */

/* Begin PBXNativeTarget section */
		4FCF07652AD88F93008236F7 /* PocketBalance */ = {
			isa = PBXNativeTarget;
			buildConfigurationList = 4FCF07902AD88F95008236F7 /* Build configuration list for PBXNativeTarget "PocketBalance" */;
			buildPhases = (
				4FCF07622AD88F93008236F7 /* Sources */,
				4FCF07632AD88F93008236F7 /* Frameworks */,
				4FCF07642AD88F93008236F7 /* Resources */,
			);
			buildRules = (
			);
			dependencies = (
			);
			name = PocketBalance;
			productName = PocketBalance;
			productReference = 4FCF07662AD88F93008236F7 /* PocketBalance.app */;
			productType = "com.apple.product-type.application";
		};
		4FCF077B2AD88F95008236F7 /* PocketBalanceTests */ = {
			isa = PBXNativeTarget;
			buildConfigurationList = 4FCF07932AD88F95008236F7 /* Build configuration list for PBXNativeTarget "PocketBalanceTests" */;
			buildPhases = (
				4FCF07782AD88F95008236F7 /* Sources */,
				4FCF07792AD88F95008236F7 /* Frameworks */,
				4FCF077A2AD88F95008236F7 /* Resources */,
			);
			buildRules = (
			);
			dependencies = (
				4FCF077E2AD88F95008236F7 /* PBXTargetDependency */,
			);
			name = PocketBalanceTests;
			productName = PocketBalanceTests;
			productReference = 4FCF077C2AD88F95008236F7 /* PocketBalanceTests.xctest */;
			productType = "com.apple.product-type.bundle.unit-test";
		};
		4FCF07852AD88F95008236F7 /* PocketBalanceUITests */ = {
			isa = PBXNativeTarget;
			buildConfigurationList = 4FCF07962AD88F95008236F7 /* Build configuration list for PBXNativeTarget "PocketBalanceUITests" */;
			buildPhases = (
				4FCF07822AD88F95008236F7 /* Sources */,
				4FCF07832AD88F95008236F7 /* Frameworks */,
				4FCF07842AD88F95008236F7 /* Resources */,
			);
			buildRules = (
			);
			dependencies = (
				4FCF07882AD88F95008236F7 /* PBXTargetDependency */,
			);
			name = PocketBalanceUITests;
			productName = PocketBalanceUITests;
			productReference = 4FCF07862AD88F95008236F7 /* PocketBalanceUITests.xctest */;
			productType = "com.apple.product-type.bundle.ui-testing";
		};
/* End PBXNativeTarget section */

/* Begin PBXProject section */
		4FCF075E2AD88F93008236F7 /* Project object */ = {
			isa = PBXProject;
			attributes = {
				BuildIndependentTargetsInParallel = 1;
				LastSwiftUpdateCheck = 1420;
				LastUpgradeCheck = 1420;
				TargetAttributes = {
					4FCF07652AD88F93008236F7 = {
						CreatedOnToolsVersion = 14.2;
					};
					4FCF077B2AD88F95008236F7 = {
						CreatedOnToolsVersion = 14.2;
						TestTargetID = 4FCF07652AD88F93008236F7;
					};
					4FCF07852AD88F95008236F7 = {
						CreatedOnToolsVersion = 14.2;
						TestTargetID = 4FCF07652AD88F93008236F7;
					};
				};
			};
			buildConfigurationList = 4FCF07612AD88F93008236F7 /* Build configuration list for PBXProject "PocketBalance" */;
			compatibilityVersion = "Xcode 14.0";
			developmentRegion = en;
			hasScannedForEncodings = 0;
			knownRegions = (
				en,
				Base,
			);
			mainGroup = 4FCF075D2AD88F93008236F7;
			productRefGroup = 4FCF07672AD88F93008236F7 /* Products */;
			projectDirPath = "";
			projectRoot = "";
			targets = (
				4FCF07652AD88F93008236F7 /* PocketBalance */,
				4FCF077B2AD88F95008236F7 /* PocketBalanceTests */,
				4FCF07852AD88F95008236F7 /* PocketBalanceUITests */,
			);
		};
/* End PBXProject section */

/* Begin PBXResourcesBuildPhase section */
		4FCF07642AD88F93008236F7 /* Resources */ = {
			isa = PBXResourcesBuildPhase;
			buildActionMask = 2147483647;
			files = (
				4FCF07762AD88F94008236F7 /* LaunchScreen.storyboard in Resources */,
				4FCF07732AD88F94008236F7 /* Assets.xcassets in Resources */,
				4FCF07712AD88F93008236F7 /* Main.storyboard in Resources */,
			);
			runOnlyForDeploymentPostprocessing = 0;
		};
		4FCF077A2AD88F95008236F7 /* Resources */ = {
			isa = PBXResourcesBuildPhase;
			buildActionMask = 2147483647;
			files = (
			);
			runOnlyForDeploymentPostprocessing = 0;
		};
		4FCF07842AD88F95008236F7 /* Resources */ = {
			isa = PBXResourcesBuildPhase;
			buildActionMask = 2147483647;
			files = (
			);
			runOnlyForDeploymentPostprocessing = 0;
		};
/* End PBXResourcesBuildPhase section */

/* Begin PBXSourcesBuildPhase section */
		4FCF07622AD88F93008236F7 /* Sources */ = {
			isa = PBXSourcesBuildPhase;
			buildActionMask = 2147483647;
			files = (
				4FCF076E2AD88F93008236F7 /* ViewController.swift in Sources */,
				4FCF076A2AD88F93008236F7 /* AppDelegate.swift in Sources */,
				4FCF076C2AD88F93008236F7 /* SceneDelegate.swift in Sources */,
			);
			runOnlyForDeploymentPostprocessing = 0;
		};
		4FCF07782AD88F95008236F7 /* Sources */ = {
			isa = PBXSourcesBuildPhase;
			buildActionMask = 2147483647;
			files = (
				4FCF07812AD88F95008236F7 /* PocketBalanceTests.swift in Sources */,
			);
			runOnlyForDeploymentPostprocessing = 0;
		};
		4FCF07822AD88F95008236F7 /* Sources */ = {
			isa = PBXSourcesBuildPhase;
			buildActionMask = 2147483647;
			files = (
				4FCF078B2AD88F95008236F7 /* PocketBalanceUITests.swift in Sources */,
				4FCF078D2AD88F95008236F7 /* PocketBalanceUITestsLaunchTests.swift in Sources */,
			);
			runOnlyForDeploymentPostprocessing = 0;
		};
/* End PBXSourcesBuildPhase section */

/* Begin PBXTargetDependency section */
		4FCF077E2AD88F95008236F7 /* PBXTargetDependency */ = {
			isa = PBXTargetDependency;
			target = 4FCF07652AD88F93008236F7 /* PocketBalance */;
			targetProxy = 4FCF077D2AD88F95008236F7 /* PBXContainerItemProxy */;
		};
		4FCF07882AD88F95008236F7 /* PBXTargetDependency */ = {
			isa = PBXTargetDependency;
			target = 4FCF07652AD88F93008236F7 /* PocketBalance */;
			targetProxy = 4FCF07872AD88F95008236F7 /* PBXContainerItemProxy */;
		};
/* End PBXTargetDependency section */

/* Begin PBXVariantGroup section */
		4FCF076F2AD88F93008236F7 /* Main.storyboard */ = {
			isa = PBXVariantGroup;
			children = (
				4FCF07702AD88F93008236F7 /* Base */,
			);
			name = Main.storyboard;
			sourceTree = "<group>";
		};
		4FCF07742AD88F94008236F7 /* LaunchScreen.storyboard */ = {
			isa = PBXVariantGroup;
			children = (
				4FCF07752AD88F94008236F7 /* Base */,
			);
			name = LaunchScreen.storyboard;
			sourceTree = "<group>";
		};
/* End PBXVariantGroup section */

/* Begin XCBuildConfiguration section */
		4FCF078E2AD88F95008236F7 /* Debug */ = {
			isa = XCBuildConfiguration;
			buildSettings = {
				ALWAYS_SEARCH_USER_PATHS = NO;
				CLANG_ANALYZER_NONNULL = YES;
				CLANG_ANALYZER_NUMBER_OBJECT_CONVERSION = YES_AGGRESSIVE;
				CLANG_CXX_LANGUAGE_STANDARD = "gnu++20";
				CLANG_ENABLE_MODULES = YES;
				CLANG_ENABLE_OBJC_ARC = YES;
				CLANG_ENABLE_OBJC_WEAK = YES;
				CLANG_WARN_BLOCK_CAPTURE_AUTORELEASING = YES;
				CLANG_WARN_BOOL_CONVERSION = YES;
				CLANG_WARN_COMMA = YES;
				CLANG_WARN_CONSTANT_CONVERSION = YES;
				CLANG_WARN_DEPRECATED_OBJC_IMPLEMENTATIONS = YES;
				CLANG_WARN_DIRECT_OBJC_ISA_USAGE = YES_ERROR;
				CLANG_WARN_DOCUMENTATION_COMMENTS = YES;
				CLANG_WARN_EMPTY_BODY = YES;
				CLANG_WARN_ENUM_CONVERSION = YES;
				CLANG_WARN_INFINITE_RECURSION = YES;
				CLANG_WARN_INT_CONVERSION = YES;
				CLANG_WARN_NON_LITERAL_NULL_CONVERSION = YES;
				CLANG_WARN_OBJC_IMPLICIT_RETAIN_SELF = YES;
				CLANG_WARN_OBJC_LITERAL_CONVERSION = YES;
				CLANG_WARN_OBJC_ROOT_CLASS = YES_ERROR;
				CLANG_WARN_QUOTED_INCLUDE_IN_FRAMEWORK_HEADER = YES;
				CLANG_WARN_RANGE_LOOP_ANALYSIS = YES;
				CLANG_WARN_STRICT_PROTOTYPES = YES;
				CLANG_WARN_SUSPICIOUS_MOVE = YES;
				CLANG_WARN_UNGUARDED_AVAILABILITY = YES_AGGRESSIVE;
				CLANG_WARN_UNREACHABLE_CODE = YES;
				CLANG_WARN__DUPLICATE_METHOD_MATCH = YES;
				COPY_PHASE_STRIP = NO;
				DEBUG_INFORMATION_FORMAT = dwarf;
				ENABLE_STRICT_OBJC_MSGSEND = YES;
				ENABLE_TESTABILITY = YES;
				GCC_C_LANGUAGE_STANDARD = gnu11;
				GCC_DYNAMIC_NO_PIC = NO;
				GCC_NO_COMMON_BLOCKS = YES;
				GCC_OPTIMIZATION_LEVEL = 0;
				GCC_PREPROCESSOR_DEFINITIONS = (
					"DEBUG=1",
					"$(inherited)",
				);
				GCC_WARN_64_TO_32_BIT_CONVERSION = YES;
				GCC_WARN_ABOUT_RETURN_TYPE = YES_ERROR;
				GCC_WARN_UNDECLARED_SELECTOR = YES;
				GCC_WARN_UNINITIALIZED_AUTOS = YES_AGGRESSIVE;
				GCC_WARN_UNUSED_FUNCTION = YES;
				GCC_WARN_UNUSED_VARIABLE = YES;
				IPHONEOS_DEPLOYMENT_TARGET = 16.2;
				MTL_ENABLE_DEBUG_INFO = INCLUDE_SOURCE;
				MTL_FAST_MATH = YES;
				ONLY_ACTIVE_ARCH = YES;
				SDKROOT = iphoneos;
				SWIFT_ACTIVE_COMPILATION_CONDITIONS = DEBUG;
				SWIFT_OPTIMIZATION_LEVEL = "-Onone";
			};
			name = Debug;
		};
		4FCF078F2AD88F95008236F7 /* Release */ = {
			isa = XCBuildConfiguration;
			buildSettings = {
				ALWAYS_SEARCH_USER_PATHS = NO;
				CLANG_ANALYZER_NONNULL = YES;
				CLANG_ANALYZER_NUMBER_OBJECT_CONVERSION = YES_AGGRESSIVE;
				CLANG_CXX_LANGUAGE_STANDARD = "gnu++20";
				CLANG_ENABLE_MODULES = YES;
				CLANG_ENABLE_OBJC_ARC = YES;
				CLANG_ENABLE_OBJC_WEAK = YES;
				CLANG_WARN_BLOCK_CAPTURE_AUTORELEASING = YES;
				CLANG_WARN_BOOL_CONVERSION = YES;
				CLANG_WARN_COMMA = YES;
				CLANG_WARN_CONSTANT_CONVERSION = YES;
				CLANG_WARN_DEPRECATED_OBJC_IMPLEMENTATIONS = YES;
				CLANG_WARN_DIRECT_OBJC_ISA_USAGE = YES_ERROR;
				CLANG_WARN_DOCUMENTATION_COMMENTS = YES;
				CLANG_WARN_EMPTY_BODY = YES;
				CLANG_WARN_ENUM_CONVERSION = YES;
				CLANG_WARN_INFINITE_RECURSION = YES;
				CLANG_WARN_INT_CONVERSION = YES;
				CLANG_WARN_NON_LITERAL_NULL_CONVERSION = YES;
				CLANG_WARN_OBJC_IMPLICIT_RETAIN_SELF = YES;
				CLANG_WARN_OBJC_LITERAL_CONVERSION = YES;
				CLANG_WARN_OBJC_ROOT_CLASS = YES_ERROR;
				CLANG_WARN_QUOTED_INCLUDE_IN_FRAMEWORK_HEADER = YES;
				CLANG_WARN_RANGE_LOOP_ANALYSIS = YES;
				CLANG_WARN_STRICT_PROTOTYPES = YES;
				CLANG_WARN_SUSPICIOUS_MOVE = YES;
				CLANG_WARN_UNGUARDED_AVAILABILITY = YES_AGGRESSIVE;
				CLANG_WARN_UNREACHABLE_CODE = YES;
				CLANG_WARN__DUPLICATE_METHOD_MATCH = YES;
				COPY_PHASE_STRIP = NO;
				DEBUG_INFORMATION_FORMAT = "dwarf-with-dsym";
				ENABLE_NS_ASSERTIONS = NO;
				ENABLE_STRICT_OBJC_MSGSEND = YES;
				GCC_C_LANGUAGE_STANDARD = gnu11;
				GCC_NO_COMMON_BLOCKS = YES;
				GCC_WARN_64_TO_32_BIT_CONVERSION = YES;
				GCC_WARN_ABOUT_RETURN_TYPE = YES_ERROR;
				GCC_WARN_UNDECLARED_SELECTOR = YES;
				GCC_WARN_UNINITIALIZED_AUTOS = YES_AGGRESSIVE;
				GCC_WARN_UNUSED_FUNCTION = YES;
				GCC_WARN_UNUSED_VARIABLE = YES;
				IPHONEOS_DEPLOYMENT_TARGET = 16.2;
				MTL_ENABLE_DEBUG_INFO = NO;
				MTL_FAST_MATH = YES;
				SDKROOT = iphoneos;
				SWIFT_COMPILATION_MODE = wholemodule;
				SWIFT_OPTIMIZATION_LEVEL = "-O";
				VALIDATE_PRODUCT = YES;
			};
			name = Release;
		};
		4FCF07912AD88F95008236F7 /* Debug */ = {
			isa = XCBuildConfiguration;
			buildSettings = {
				ASSETCATALOG_COMPILER_APPICON_NAME = AppIcon;
				ASSETCATALOG_COMPILER_GLOBAL_ACCENT_COLOR_NAME = AccentColor;
				CODE_SIGN_STYLE = Automatic;
				CURRENT_PROJECT_VERSION = 1;
				GENERATE_INFOPLIST_FILE = YES;
				INFOPLIST_FILE = PocketBalance/Info.plist;
				INFOPLIST_KEY_UIApplicationSupportsIndirectInputEvents = YES;
				INFOPLIST_KEY_UILaunchStoryboardName = LaunchScreen;
				INFOPLIST_KEY_UIMainStoryboardFile = Main;
				INFOPLIST_KEY_UISupportedInterfaceOrientations_iPad = "UIInterfaceOrientationPortrait UIInterfaceOrientationPortraitUpsideDown UIInterfaceOrientationLandscapeLeft UIInterfaceOrientationLandscapeRight";
				INFOPLIST_KEY_UISupportedInterfaceOrientations_iPhone = "UIInterfaceOrientationPortrait UIInterfaceOrientationLandscapeLeft UIInterfaceOrientationLandscapeRight";
				LD_RUNPATH_SEARCH_PATHS = (
					"$(inherited)",
					"@executable_path/Frameworks",
				);
				MARKETING_VERSION = 1.0;
				PRODUCT_BUNDLE_IDENTIFIER = danielapps.co.PocketBalance;
				PRODUCT_NAME = "$(TARGET_NAME)";
				SWIFT_EMIT_LOC_STRINGS = YES;
				SWIFT_VERSION = 5.0;
				TARGETED_DEVICE_FAMILY = "1,2";
			};
			name = Debug;
		};
		4FCF07922AD88F95008236F7 /* Release */ = {
			isa = XCBuildConfiguration;
			buildSettings = {
				ASSETCATALOG_COMPILER_APPICON_NAME = AppIcon;
				ASSETCATALOG_COMPILER_GLOBAL_ACCENT_COLOR_NAME = AccentColor;
				CODE_SIGN_STYLE = Automatic;
				CURRENT_PROJECT_VERSION = 1;
				GENERATE_INFOPLIST_FILE = YES;
				INFOPLIST_FILE = PocketBalance/Info.plist;
				INFOPLIST_KEY_UIApplicationSupportsIndirectInputEvents = YES;
				INFOPLIST_KEY_UILaunchStoryboardName = LaunchScreen;
				INFOPLIST_KEY_UIMainStoryboardFile = Main;
				INFOPLIST_KEY_UISupportedInterfaceOrientations_iPad = "UIInterfaceOrientationPortrait UIInterfaceOrientationPortraitUpsideDown UIInterfaceOrientationLandscapeLeft UIInterfaceOrientationLandscapeRight";
				INFOPLIST_KEY_UISupportedInterfaceOrientations_iPhone = "UIInterfaceOrientationPortrait UIInterfaceOrientationLandscapeLeft UIInterfaceOrientationLandscapeRight";
				LD_RUNPATH_SEARCH_PATHS = (
					"$(inherited)",
					"@executable_path/Frameworks",
				);
				MARKETING_VERSION = 1.0;
				PRODUCT_BUNDLE_IDENTIFIER = danielapps.co.PocketBalance;
				PRODUCT_NAME = "$(TARGET_NAME)";
				SWIFT_EMIT_LOC_STRINGS = YES;
				SWIFT_VERSION = 5.0;
				TARGETED_DEVICE_FAMILY = "1,2";
			};
			name = Release;
		};
		4FCF07942AD88F95008236F7 /* Debug */ = {
			isa = XCBuildConfiguration;
			buildSettings = {
				ALWAYS_EMBED_SWIFT_STANDARD_LIBRARIES = YES;
				BUNDLE_LOADER = "$(TEST_HOST)";
				CODE_SIGN_STYLE = Automatic;
				CURRENT_PROJECT_VERSION = 1;
				GENERATE_INFOPLIST_FILE = YES;
				IPHONEOS_DEPLOYMENT_TARGET = 16.2;
				MARKETING_VERSION = 1.0;
				PRODUCT_BUNDLE_IDENTIFIER = danielapps.co.PocketBalanceTests;
				PRODUCT_NAME = "$(TARGET_NAME)";
				SWIFT_EMIT_LOC_STRINGS = NO;
				SWIFT_VERSION = 5.0;
				TARGETED_DEVICE_FAMILY = "1,2";
				TEST_HOST = "$(BUILT_PRODUCTS_DIR)/PocketBalance.app/$(BUNDLE_EXECUTABLE_FOLDER_PATH)/PocketBalance";
			};
			name = Debug;
		};
		4FCF07952AD88F95008236F7 /* Release */ = {
			isa = XCBuildConfiguration;
			buildSettings = {
				ALWAYS_EMBED_SWIFT_STANDARD_LIBRARIES = YES;
				BUNDLE_LOADER = "$(TEST_HOST)";
				CODE_SIGN_STYLE = Automatic;
				CURRENT_PROJECT_VERSION = 1;
				GENERATE_INFOPLIST_FILE = YES;
				IPHONEOS_DEPLOYMENT_TARGET = 16.2;
				MARKETING_VERSION = 1.0;
				PRODUCT_BUNDLE_IDENTIFIER = danielapps.co.PocketBalanceTests;
				PRODUCT_NAME = "$(TARGET_NAME)";
				SWIFT_EMIT_LOC_STRINGS = NO;
				SWIFT_VERSION = 5.0;
				TARGETED_DEVICE_FAMILY = "1,2";
				TEST_HOST = "$(BUILT_PRODUCTS_DIR)/PocketBalance.app/$(BUNDLE_EXECUTABLE_FOLDER_PATH)/PocketBalance";
			};
			name = Release;
		};
		4FCF07972AD88F95008236F7 /* Debug */ = {
			isa = XCBuildConfiguration;
			buildSettings = {
				ALWAYS_EMBED_SWIFT_STANDARD_LIBRARIES = YES;
				CODE_SIGN_STYLE = Automatic;
				CURRENT_PROJECT_VERSION = 1;
				GENERATE_INFOPLIST_FILE = YES;
				MARKETING_VERSION = 1.0;
				PRODUCT_BUNDLE_IDENTIFIER = danielapps.co.PocketBalanceUITests;
				PRODUCT_NAME = "$(TARGET_NAME)";
				SWIFT_EMIT_LOC_STRINGS = NO;
				SWIFT_VERSION = 5.0;
				TARGETED_DEVICE_FAMILY = "1,2";
				TEST_TARGET_NAME = PocketBalance;
			};
			name = Debug;
		};
		4FCF07982AD88F95008236F7 /* Release */ = {
			isa = XCBuildConfiguration;
			buildSettings = {
				ALWAYS_EMBED_SWIFT_STANDARD_LIBRARIES = YES;
				CODE_SIGN_STYLE = Automatic;
				CURRENT_PROJECT_VERSION = 1;
				GENERATE_INFOPLIST_FILE = YES;
				MARKETING_VERSION = 1.0;
				PRODUCT_BUNDLE_IDENTIFIER = danielapps.co.PocketBalanceUITests;
				PRODUCT_NAME = "$(TARGET_NAME)";
				SWIFT_EMIT_LOC_STRINGS = NO;
				SWIFT_VERSION = 5.0;
				TARGETED_DEVICE_FAMILY = "1,2";
				TEST_TARGET_NAME = PocketBalance;
			};
			name = Release;
		};
/* End XCBuildConfiguration section */

/* Begin XCConfigurationList section */
		4FCF07612AD88F93008236F7 /* Build configuration list for PBXProject "PocketBalance" */ = {
			isa = XCConfigurationList;
			buildConfigurations = (
				4FCF078E2AD88F95008236F7 /* Debug */,
				4FCF078F2AD88F95008236F7 /* Release */,
			);
			defaultConfigurationIsVisible = 0;
			defaultConfigurationName = Release;
		};
		4FCF07902AD88F95008236F7 /* Build configuration list for PBXNativeTarget "PocketBalance" */ = {
			isa = XCConfigurationList;
			buildConfigurations = (
				4FCF07912AD88F95008236F7 /* Debug */,
				4FCF07922AD88F95008236F7 /* Release */,
			);
			defaultConfigurationIsVisible = 0;
			defaultConfigurationName = Release;
		};
		4FCF07932AD88F95008236F7 /* Build configuration list for PBXNativeTarget "PocketBalanceTests" */ = {
			isa = XCConfigurationList;
			buildConfigurations = (
				4FCF07942AD88F95008236F7 /* Debug */,
				4FCF07952AD88F95008236F7 /* Release */,
			);
			defaultConfigurationIsVisible = 0;
			defaultConfigurationName = Release;
		};
		4FCF07962AD88F95008236F7 /* Build configuration list for PBXNativeTarget "PocketBalanceUITests" */ = {
			isa = XCConfigurationList;
			buildConfigurations = (
				4FCF07972AD88F95008236F7 /* Debug */,
				4FCF07982AD88F95008236F7 /* Release */,
			);
			defaultConfigurationIsVisible = 0;
			defaultConfigurationName = Release;
		};
/* End XCConfigurationList section */
	};
	rootObject = 4FCF075E2AD88F93008236F7 /* Project object */;
}
